
Microsoft Visual Studio Solution File, Format Version 12.00
# Visual Studio Version 16
VisualStudioVersion = 16.0.30621.155
MinimumVisualStudioVersion = 10.0.40219.1
Project("{8BC9CEB8-8B4A-11D0-8D11-00A0C91BC942}") = "Moneydiary", "Moneydiary\Moneydiary.vcxproj", "{3C747598-A1D9-4A95-A883-230A33091387}"
EndProject
Global
	GlobalSection(SolutionConfigurationPlatforms) = preSolution
		Debug|x64 = Debug|x64
		Debug|x86 = Debug|x86
		Release|x64 = Release|x64
		Release|x86 = Release|x86
	EndGlobalSection
	GlobalSection(ProjectConfigurationPlatforms) = postSolution
		{3C747598-A1D9-4A95-A883-230A33091387}.Debug|x64.ActiveCfg = Debug|x64
		{3C747598-A1D9-4A95-A883-230A33091387}.Debug|x64.Build.0 = Debug|x64
		{3C747598-A1D9-4A95-A883-230A33091387}.Debug|x86.ActiveCfg = Debug|Win32
		{3C747598-A1D9-4A95-A883-230A33091387}.Debug|x86.Build.0 = Debug|Win32
		{3C747598-A1D9-4A95-A883-230A33091387}.Release|x64.ActiveCfg = Release|x64
		{3C747598-A1D9-4A95-A883-230A33091387}.Release|x64.Build.0 = Release|x64
		{3C747598-A1D9-4A95-A883-230A33091387}.Release|x86.ActiveCfg = Release|Win32
		{3C747598-A1D9-4A95-A883-230A33091387}.Release|x86.Build.0 = Release|Win32
	EndGlobalSection
	GlobalSection(SolutionProperties) = preSolution
		HideSolutionNode = FALSE
	EndGlobalSection
	GlobalSection(ExtensibilityGlobals) = postSolution
		SolutionGuid = {03003039-E09E-4105-A92C-89372DB045F9}
	EndGlobalSection
EndGlobal
